<?xml version="1.0" encoding="UTF-8"?>
<CodeBlocks_project_file>
	<FileVersion major="1" minor="6"/>
	<Project>
		<Option title="AllianceDB"/>
		<Option makefile_is_custom="1"/>
		<Option compiler="gcc"/>
		<Option virtualFolders="CMake Files\;"/>
		<Build>
			<Target title="all">
				<Option working_dir="/home/tony/AllianceDB/hashing"/>
				<Option type="4"/>
				<MakeCommands>
					<Build command="/usr/bin/make -f &quot;/home/tony/AllianceDB/hashing/Makefile&quot;  VERBOSE=1 all"/>
					<CompileFile command="/usr/bin/make -f &quot;/home/tony/AllianceDB/hashing/Makefile&quot;  VERBOSE=1 &quot;$file&quot;"/>
					<Clean command="/usr/bin/make -f &quot;/home/tony/AllianceDB/hashing/Makefile&quot;  VERBOSE=1 clean"/>
					<DistClean command="/usr/bin/make -f &quot;/home/tony/AllianceDB/hashing/Makefile&quot;  VERBOSE=1 clean"/>
				</MakeCommands>
			</Target>
			<Target title="rebuild_cache">
				<Option working_dir="/home/tony/AllianceDB/hashing"/>
				<Option type="4"/>
				<MakeCommands>
					<Build command="/usr/bin/make -f &quot;/home/tony/AllianceDB/hashing/Makefile&quot;  VERBOSE=1 rebuild_cache"/>
					<CompileFile command="/usr/bin/make -f &quot;/home/tony/AllianceDB/hashing/Makefile&quot;  VERBOSE=1 &quot;$file&quot;"/>
					<Clean command="/usr/bin/make -f &quot;/home/tony/AllianceDB/hashing/Makefile&quot;  VERBOSE=1 clean"/>
					<DistClean command="/usr/bin/make -f &quot;/home/tony/AllianceDB/hashing/Makefile&quot;  VERBOSE=1 clean"/>
				</MakeCommands>
			</Target>
			<Target title="hashing">
				<Option output="/home/tony/AllianceDB/hashing/hashing" prefix_auto="0" extension_auto="0"/>
				<Option working_dir="/home/tony/AllianceDB/hashing"/>
				<Option object_output="./"/>
				<Option type="1"/>
				<Option compiler="gcc"/>
				<Compiler/>
				<MakeCommands>
					<Build command="/usr/bin/make -f &quot;/home/tony/AllianceDB/hashing/Makefile&quot;  VERBOSE=1 hashing"/>
					<CompileFile command="/usr/bin/make -f &quot;/home/tony/AllianceDB/hashing/Makefile&quot;  VERBOSE=1 &quot;$file&quot;"/>
					<Clean command="/usr/bin/make -f &quot;/home/tony/AllianceDB/hashing/Makefile&quot;  VERBOSE=1 clean"/>
					<DistClean command="/usr/bin/make -f &quot;/home/tony/AllianceDB/hashing/Makefile&quot;  VERBOSE=1 clean"/>
				</MakeCommands>
			</Target>
			<Target title="hashing/fast">
				<Option output="/home/tony/AllianceDB/hashing/hashing" prefix_auto="0" extension_auto="0"/>
				<Option working_dir="/home/tony/AllianceDB/hashing"/>
				<Option object_output="./"/>
				<Option type="1"/>
				<Option compiler="gcc"/>
				<Compiler/>
				<MakeCommands>
					<Build command="/usr/bin/make -f &quot;/home/tony/AllianceDB/hashing/Makefile&quot;  VERBOSE=1 hashing/fast"/>
					<CompileFile command="/usr/bin/make -f &quot;/home/tony/AllianceDB/hashing/Makefile&quot;  VERBOSE=1 &quot;$file&quot;"/>
					<Clean command="/usr/bin/make -f &quot;/home/tony/AllianceDB/hashing/Makefile&quot;  VERBOSE=1 clean"/>
					<DistClean command="/usr/bin/make -f &quot;/home/tony/AllianceDB/hashing/Makefile&quot;  VERBOSE=1 clean"/>
				</MakeCommands>
			</Target>
			<Target title="edit_cache">
				<Option working_dir="/home/tony/AllianceDB/hashing"/>
				<Option type="4"/>
				<MakeCommands>
					<Build command="/usr/bin/make -f &quot;/home/tony/AllianceDB/hashing/Makefile&quot;  VERBOSE=1 edit_cache"/>
					<CompileFile command="/usr/bin/make -f &quot;/home/tony/AllianceDB/hashing/Makefile&quot;  VERBOSE=1 &quot;$file&quot;"/>
					<Clean command="/usr/bin/make -f &quot;/home/tony/AllianceDB/hashing/Makefile&quot;  VERBOSE=1 clean"/>
					<DistClean command="/usr/bin/make -f &quot;/home/tony/AllianceDB/hashing/Makefile&quot;  VERBOSE=1 clean"/>
				</MakeCommands>
			</Target>
		</Build>
		<Unit filename="/home/tony/AllianceDB/hashing/affinity.h">
			<Option target="hashing"/>
		</Unit>
		<Unit filename="/home/tony/AllianceDB/hashing/barrier.h">
			<Option target="hashing"/>
		</Unit>
		<Unit filename="/home/tony/AllianceDB/hashing/config.h">
			<Option target="hashing"/>
		</Unit>
		<Unit filename="/home/tony/AllianceDB/hashing/cpu_mapping.cpp">
			<Option target="hashing"/>
		</Unit>
		<Unit filename="/home/tony/AllianceDB/hashing/cpu_mapping.h">
			<Option target="hashing"/>
		</Unit>
		<Unit filename="/home/tony/AllianceDB/hashing/generator.cpp">
			<Option target="hashing"/>
		</Unit>
		<Unit filename="/home/tony/AllianceDB/hashing/generator.h">
			<Option target="hashing"/>
		</Unit>
		<Unit filename="/home/tony/AllianceDB/hashing/genzipf.cpp">
			<Option target="hashing"/>
		</Unit>
		<Unit filename="/home/tony/AllianceDB/hashing/genzipf.h">
			<Option target="hashing"/>
		</Unit>
		<Unit filename="/home/tony/AllianceDB/hashing/lock.h">
			<Option target="hashing"/>
		</Unit>
		<Unit filename="/home/tony/AllianceDB/hashing/main.cpp">
			<Option target="hashing"/>
		</Unit>
		<Unit filename="/home/tony/AllianceDB/hashing/no_partitioning_join.cpp">
			<Option target="hashing"/>
		</Unit>
		<Unit filename="/home/tony/AllianceDB/hashing/no_partitioning_join.h">
			<Option target="hashing"/>
		</Unit>
		<Unit filename="/home/tony/AllianceDB/hashing/npj_params.h">
			<Option target="hashing"/>
		</Unit>
		<Unit filename="/home/tony/AllianceDB/hashing/npj_types.h">
			<Option target="hashing"/>
		</Unit>
		<Unit filename="/home/tony/AllianceDB/hashing/parallel_radix_join.cpp">
			<Option target="hashing"/>
		</Unit>
		<Unit filename="/home/tony/AllianceDB/hashing/parallel_radix_join.h">
			<Option target="hashing"/>
		</Unit>
		<Unit filename="/home/tony/AllianceDB/hashing/perf_counters.cpp">
			<Option target="hashing"/>
		</Unit>
		<Unit filename="/home/tony/AllianceDB/hashing/perf_counters.h">
			<Option target="hashing"/>
		</Unit>
		<Unit filename="/home/tony/AllianceDB/hashing/prj_params.h">
			<Option target="hashing"/>
		</Unit>
		<Unit filename="/home/tony/AllianceDB/hashing/rdtsc.h">
			<Option target="hashing"/>
		</Unit>
		<Unit filename="/home/tony/AllianceDB/hashing/task_queue.h">
			<Option target="hashing"/>
		</Unit>
		<Unit filename="/home/tony/AllianceDB/hashing/types.h">
			<Option target="hashing"/>
		</Unit>
		<Unit filename="/home/tony/AllianceDB/hashing/CMakeLists.txt">
			<Option virtualFolder="CMake Files\"/>
		</Unit>
	</Project>
</CodeBlocks_project_file>
