<?xml version="1.0" encoding="UTF-8"?>
<CodeBlocks_project_file>
	<FileVersion major="1" minor="6"/>
	<Project>
		<Option title="AllianceDB"/>
		<Option makefile_is_custom="1"/>
		<Option compiler="clang"/>
		<Option virtualFolders="CMake Files\;"/>
		<Build>
			<Target title="all">
				<Option working_dir="/tmp/tmp.in6EmPrjF0"/>
				<Option type="4"/>
				<MakeCommands>
					<Build command="/usr/bin/make -j16 -f &quot;/tmp/tmp.in6EmPrjF0/Makefile&quot;  VERBOSE=1 all"/>
					<CompileFile command="/usr/bin/make -j16 -f &quot;/tmp/tmp.in6EmPrjF0/Makefile&quot;  VERBOSE=1 &quot;$file&quot;"/>
					<Clean command="/usr/bin/make -j16 -f &quot;/tmp/tmp.in6EmPrjF0/Makefile&quot;  VERBOSE=1 clean"/>
					<DistClean command="/usr/bin/make -j16 -f &quot;/tmp/tmp.in6EmPrjF0/Makefile&quot;  VERBOSE=1 clean"/>
				</MakeCommands>
			</Target>
			<Target title="rebuild_cache">
				<Option working_dir="/tmp/tmp.in6EmPrjF0"/>
				<Option type="4"/>
				<MakeCommands>
					<Build command="/usr/bin/make -j16 -f &quot;/tmp/tmp.in6EmPrjF0/Makefile&quot;  VERBOSE=1 rebuild_cache"/>
					<CompileFile command="/usr/bin/make -j16 -f &quot;/tmp/tmp.in6EmPrjF0/Makefile&quot;  VERBOSE=1 &quot;$file&quot;"/>
					<Clean command="/usr/bin/make -j16 -f &quot;/tmp/tmp.in6EmPrjF0/Makefile&quot;  VERBOSE=1 clean"/>
					<DistClean command="/usr/bin/make -j16 -f &quot;/tmp/tmp.in6EmPrjF0/Makefile&quot;  VERBOSE=1 clean"/>
				</MakeCommands>
			</Target>
			<Target title="sorting">
				<Option output="/tmp/tmp.in6EmPrjF0/sorting" prefix_auto="0" extension_auto="0"/>
				<Option working_dir="/tmp/tmp.in6EmPrjF0"/>
				<Option object_output="./"/>
				<Option type="1"/>
				<Option compiler="clang"/>
				<Compiler>
					<Add directory="/usr/bin/../lib/gcc/x86_64-linux-gnu/7.5.0/../../../../include/c++/7.5.0"/>
					<Add directory="/usr/bin/../lib/gcc/x86_64-linux-gnu/7.5.0/../../../../include/x86_64-linux-gnu/c++/7.5.0"/>
					<Add directory="/usr/bin/../lib/gcc/x86_64-linux-gnu/7.5.0/../../../../include/c++/7.5.0/backward"/>
					<Add directory="/usr/local/include"/>
					<Add directory="/usr/lib/llvm-9/lib/clang/9.0.0/include"/>
					<Add directory="/usr/include/x86_64-linux-gnu"/>
					<Add directory="/usr/include"/>
					<Add directory="/usr/lib/gcc/x86_64-linux-gnu/7/include"/>
					<Add directory="/usr/lib/gcc/x86_64-linux-gnu/7/include-fixed"/>
				</Compiler>
				<MakeCommands>
					<Build command="/usr/bin/make -j16 -f &quot;/tmp/tmp.in6EmPrjF0/Makefile&quot;  VERBOSE=1 sorting"/>
					<CompileFile command="/usr/bin/make -j16 -f &quot;/tmp/tmp.in6EmPrjF0/Makefile&quot;  VERBOSE=1 &quot;$file&quot;"/>
					<Clean command="/usr/bin/make -j16 -f &quot;/tmp/tmp.in6EmPrjF0/Makefile&quot;  VERBOSE=1 clean"/>
					<DistClean command="/usr/bin/make -j16 -f &quot;/tmp/tmp.in6EmPrjF0/Makefile&quot;  VERBOSE=1 clean"/>
				</MakeCommands>
			</Target>
			<Target title="sorting/fast">
				<Option output="/tmp/tmp.in6EmPrjF0/sorting" prefix_auto="0" extension_auto="0"/>
				<Option working_dir="/tmp/tmp.in6EmPrjF0"/>
				<Option object_output="./"/>
				<Option type="1"/>
				<Option compiler="clang"/>
				<Compiler>
					<Add directory="/usr/bin/../lib/gcc/x86_64-linux-gnu/7.5.0/../../../../include/c++/7.5.0"/>
					<Add directory="/usr/bin/../lib/gcc/x86_64-linux-gnu/7.5.0/../../../../include/x86_64-linux-gnu/c++/7.5.0"/>
					<Add directory="/usr/bin/../lib/gcc/x86_64-linux-gnu/7.5.0/../../../../include/c++/7.5.0/backward"/>
					<Add directory="/usr/local/include"/>
					<Add directory="/usr/lib/llvm-9/lib/clang/9.0.0/include"/>
					<Add directory="/usr/include/x86_64-linux-gnu"/>
					<Add directory="/usr/include"/>
					<Add directory="/usr/lib/gcc/x86_64-linux-gnu/7/include"/>
					<Add directory="/usr/lib/gcc/x86_64-linux-gnu/7/include-fixed"/>
				</Compiler>
				<MakeCommands>
					<Build command="/usr/bin/make -j16 -f &quot;/tmp/tmp.in6EmPrjF0/Makefile&quot;  VERBOSE=1 sorting/fast"/>
					<CompileFile command="/usr/bin/make -j16 -f &quot;/tmp/tmp.in6EmPrjF0/Makefile&quot;  VERBOSE=1 &quot;$file&quot;"/>
					<Clean command="/usr/bin/make -j16 -f &quot;/tmp/tmp.in6EmPrjF0/Makefile&quot;  VERBOSE=1 clean"/>
					<DistClean command="/usr/bin/make -j16 -f &quot;/tmp/tmp.in6EmPrjF0/Makefile&quot;  VERBOSE=1 clean"/>
				</MakeCommands>
			</Target>
			<Target title="edit_cache">
				<Option working_dir="/tmp/tmp.in6EmPrjF0"/>
				<Option type="4"/>
				<MakeCommands>
					<Build command="/usr/bin/make -j16 -f &quot;/tmp/tmp.in6EmPrjF0/Makefile&quot;  VERBOSE=1 edit_cache"/>
					<CompileFile command="/usr/bin/make -j16 -f &quot;/tmp/tmp.in6EmPrjF0/Makefile&quot;  VERBOSE=1 &quot;$file&quot;"/>
					<Clean command="/usr/bin/make -j16 -f &quot;/tmp/tmp.in6EmPrjF0/Makefile&quot;  VERBOSE=1 clean"/>
					<DistClean command="/usr/bin/make -j16 -f &quot;/tmp/tmp.in6EmPrjF0/Makefile&quot;  VERBOSE=1 clean"/>
				</MakeCommands>
			</Target>
		</Build>
		<Unit filename="/tmp/tmp.in6EmPrjF0/affinity/cpu_mapping.cpp">
			<Option target="sorting"/>
		</Unit>
		<Unit filename="/tmp/tmp.in6EmPrjF0/affinity/cpu_mapping.h">
			<Option target="sorting"/>
		</Unit>
		<Unit filename="/tmp/tmp.in6EmPrjF0/affinity/memalloc.cpp">
			<Option target="sorting"/>
		</Unit>
		<Unit filename="/tmp/tmp.in6EmPrjF0/affinity/memalloc.h">
			<Option target="sorting"/>
		</Unit>
		<Unit filename="/tmp/tmp.in6EmPrjF0/affinity/numa_shuffle.cpp">
			<Option target="sorting"/>
		</Unit>
		<Unit filename="/tmp/tmp.in6EmPrjF0/affinity/numa_shuffle.h">
			<Option target="sorting"/>
		</Unit>
		<Unit filename="/tmp/tmp.in6EmPrjF0/config.h">
			<Option target="sorting"/>
		</Unit>
		<Unit filename="/tmp/tmp.in6EmPrjF0/datagen/generator.cpp">
			<Option target="sorting"/>
		</Unit>
		<Unit filename="/tmp/tmp.in6EmPrjF0/datagen/generator.h">
			<Option target="sorting"/>
		</Unit>
		<Unit filename="/tmp/tmp.in6EmPrjF0/datagen/genzipf.cpp">
			<Option target="sorting"/>
		</Unit>
		<Unit filename="/tmp/tmp.in6EmPrjF0/datagen/genzipf.h">
			<Option target="sorting"/>
		</Unit>
		<Unit filename="/tmp/tmp.in6EmPrjF0/joins/avx_multiwaymerge.cpp">
			<Option target="sorting"/>
		</Unit>
		<Unit filename="/tmp/tmp.in6EmPrjF0/joins/avx_multiwaymerge.h">
			<Option target="sorting"/>
		</Unit>
		<Unit filename="/tmp/tmp.in6EmPrjF0/joins/avxcommon.h">
			<Option target="sorting"/>
		</Unit>
		<Unit filename="/tmp/tmp.in6EmPrjF0/joins/avxintrin_emu.h">
			<Option target="sorting"/>
		</Unit>
		<Unit filename="/tmp/tmp.in6EmPrjF0/joins/avxsort.cpp">
			<Option target="sorting"/>
		</Unit>
		<Unit filename="/tmp/tmp.in6EmPrjF0/joins/avxsort.h">
			<Option target="sorting"/>
		</Unit>
		<Unit filename="/tmp/tmp.in6EmPrjF0/joins/avxsort_core.h">
			<Option target="sorting"/>
		</Unit>
		<Unit filename="/tmp/tmp.in6EmPrjF0/joins/avxsort_multiway.cpp">
			<Option target="sorting"/>
		</Unit>
		<Unit filename="/tmp/tmp.in6EmPrjF0/joins/avxsort_multiway.h">
			<Option target="sorting"/>
		</Unit>
		<Unit filename="/tmp/tmp.in6EmPrjF0/joins/common_functions.cpp">
			<Option target="sorting"/>
		</Unit>
		<Unit filename="/tmp/tmp.in6EmPrjF0/joins/common_functions.h">
			<Option target="sorting"/>
		</Unit>
		<Unit filename="/tmp/tmp.in6EmPrjF0/joins/merge.cpp">
			<Option target="sorting"/>
		</Unit>
		<Unit filename="/tmp/tmp.in6EmPrjF0/joins/merge.h">
			<Option target="sorting"/>
		</Unit>
		<Unit filename="/tmp/tmp.in6EmPrjF0/joins/partition.cpp">
			<Option target="sorting"/>
		</Unit>
		<Unit filename="/tmp/tmp.in6EmPrjF0/joins/partition.h">
			<Option target="sorting"/>
		</Unit>
		<Unit filename="/tmp/tmp.in6EmPrjF0/joins/scalar_multiwaymerge.cpp">
			<Option target="sorting"/>
		</Unit>
		<Unit filename="/tmp/tmp.in6EmPrjF0/joins/scalar_multiwaymerge.h">
			<Option target="sorting"/>
		</Unit>
		<Unit filename="/tmp/tmp.in6EmPrjF0/joins/scalarsort.cpp">
			<Option target="sorting"/>
		</Unit>
		<Unit filename="/tmp/tmp.in6EmPrjF0/joins/scalarsort.h">
			<Option target="sorting"/>
		</Unit>
		<Unit filename="/tmp/tmp.in6EmPrjF0/joins/sortmergejoin_mpsm.cpp">
			<Option target="sorting"/>
		</Unit>
		<Unit filename="/tmp/tmp.in6EmPrjF0/joins/sortmergejoin_mpsm.h">
			<Option target="sorting"/>
		</Unit>
		<Unit filename="/tmp/tmp.in6EmPrjF0/joins/sortmergejoin_multipass.cpp">
			<Option target="sorting"/>
		</Unit>
		<Unit filename="/tmp/tmp.in6EmPrjF0/joins/sortmergejoin_multipass.h">
			<Option target="sorting"/>
		</Unit>
		<Unit filename="/tmp/tmp.in6EmPrjF0/joins/sortmergejoin_multiway.cpp">
			<Option target="sorting"/>
		</Unit>
		<Unit filename="/tmp/tmp.in6EmPrjF0/joins/sortmergejoin_multiway.h">
			<Option target="sorting"/>
		</Unit>
		<Unit filename="/tmp/tmp.in6EmPrjF0/joins/sortmergejoin_multiway_skewhandling.cpp">
			<Option target="sorting"/>
		</Unit>
		<Unit filename="/tmp/tmp.in6EmPrjF0/joins/sortmergejoin_multiway_skewhandling.h">
			<Option target="sorting"/>
		</Unit>
		<Unit filename="/tmp/tmp.in6EmPrjF0/lib/client_bw.cpp">
			<Option target="sorting"/>
		</Unit>
		<Unit filename="/tmp/tmp.in6EmPrjF0/lib/client_bw.h">
			<Option target="sorting"/>
		</Unit>
		<Unit filename="/tmp/tmp.in6EmPrjF0/lib/cpucounters.cpp">
			<Option target="sorting"/>
		</Unit>
		<Unit filename="/tmp/tmp.in6EmPrjF0/lib/cpucounters.h">
			<Option target="sorting"/>
		</Unit>
		<Unit filename="/tmp/tmp.in6EmPrjF0/lib/debug.cpp">
			<Option target="sorting"/>
		</Unit>
		<Unit filename="/tmp/tmp.in6EmPrjF0/lib/debug.h">
			<Option target="sorting"/>
		</Unit>
		<Unit filename="/tmp/tmp.in6EmPrjF0/lib/exceptions/unsupported_processor_exception.hpp">
			<Option target="sorting"/>
		</Unit>
		<Unit filename="/tmp/tmp.in6EmPrjF0/lib/mmio.cpp">
			<Option target="sorting"/>
		</Unit>
		<Unit filename="/tmp/tmp.in6EmPrjF0/lib/mmio.h">
			<Option target="sorting"/>
		</Unit>
		<Unit filename="/tmp/tmp.in6EmPrjF0/lib/msr.cpp">
			<Option target="sorting"/>
		</Unit>
		<Unit filename="/tmp/tmp.in6EmPrjF0/lib/msr.h">
			<Option target="sorting"/>
		</Unit>
		<Unit filename="/tmp/tmp.in6EmPrjF0/lib/mutex.h">
			<Option target="sorting"/>
		</Unit>
		<Unit filename="/tmp/tmp.in6EmPrjF0/lib/pci.cpp">
			<Option target="sorting"/>
		</Unit>
		<Unit filename="/tmp/tmp.in6EmPrjF0/lib/pci.h">
			<Option target="sorting"/>
		</Unit>
		<Unit filename="/tmp/tmp.in6EmPrjF0/lib/threadpool.cpp">
			<Option target="sorting"/>
		</Unit>
		<Unit filename="/tmp/tmp.in6EmPrjF0/lib/threadpool.h">
			<Option target="sorting"/>
		</Unit>
		<Unit filename="/tmp/tmp.in6EmPrjF0/lib/topology.cpp">
			<Option target="sorting"/>
		</Unit>
		<Unit filename="/tmp/tmp.in6EmPrjF0/lib/topology.h">
			<Option target="sorting"/>
		</Unit>
		<Unit filename="/tmp/tmp.in6EmPrjF0/lib/types.h">
			<Option target="sorting"/>
		</Unit>
		<Unit filename="/tmp/tmp.in6EmPrjF0/lib/utils.cpp">
			<Option target="sorting"/>
		</Unit>
		<Unit filename="/tmp/tmp.in6EmPrjF0/lib/utils.h">
			<Option target="sorting"/>
		</Unit>
		<Unit filename="/tmp/tmp.in6EmPrjF0/lib/width_extender.h">
			<Option target="sorting"/>
		</Unit>
		<Unit filename="/tmp/tmp.in6EmPrjF0/main.cpp">
			<Option target="sorting"/>
		</Unit>
		<Unit filename="/tmp/tmp.in6EmPrjF0/test/check_avxsort.cpp">
			<Option target="sorting"/>
		</Unit>
		<Unit filename="/tmp/tmp.in6EmPrjF0/test/testutil.cpp">
			<Option target="sorting"/>
		</Unit>
		<Unit filename="/tmp/tmp.in6EmPrjF0/test/testutil.h">
			<Option target="sorting"/>
		</Unit>
		<Unit filename="/tmp/tmp.in6EmPrjF0/timer/rdtsc.h">
			<Option target="sorting"/>
		</Unit>
		<Unit filename="/tmp/tmp.in6EmPrjF0/timer/t_timer.cpp">
			<Option target="sorting"/>
		</Unit>
		<Unit filename="/tmp/tmp.in6EmPrjF0/timer/t_timer.h">
			<Option target="sorting"/>
		</Unit>
		<Unit filename="/tmp/tmp.in6EmPrjF0/utils/barrier.h">
			<Option target="sorting"/>
		</Unit>
		<Unit filename="/tmp/tmp.in6EmPrjF0/utils/generic_task_queue.cpp">
			<Option target="sorting"/>
		</Unit>
		<Unit filename="/tmp/tmp.in6EmPrjF0/utils/generic_task_queue.h">
			<Option target="sorting"/>
		</Unit>
		<Unit filename="/tmp/tmp.in6EmPrjF0/utils/lock.h">
			<Option target="sorting"/>
		</Unit>
		<Unit filename="/tmp/tmp.in6EmPrjF0/utils/params.h">
			<Option target="sorting"/>
		</Unit>
		<Unit filename="/tmp/tmp.in6EmPrjF0/utils/perf_counters.cpp">
			<Option target="sorting"/>
		</Unit>
		<Unit filename="/tmp/tmp.in6EmPrjF0/utils/perf_counters.h">
			<Option target="sorting"/>
		</Unit>
		<Unit filename="/tmp/tmp.in6EmPrjF0/utils/tuple_buffer.h">
			<Option target="sorting"/>
		</Unit>
		<Unit filename="/tmp/tmp.in6EmPrjF0/utils/type_convert.h">
			<Option target="sorting"/>
		</Unit>
		<Unit filename="/tmp/tmp.in6EmPrjF0/utils/types.h">
			<Option target="sorting"/>
		</Unit>
		<Unit filename="/tmp/tmp.in6EmPrjF0/CMakeLists.txt">
			<Option virtualFolder="CMake Files\"/>
		</Unit>
	</Project>
</CodeBlocks_project_file>
